// !$*UTF8*$!
{
	archiveVersion = 1;
	classes = {
	};
	objectVersion = 56;
	objects = {

/* Begin PBXBuildFile section */
		CD2EF8672B0B70B300B0E6DB /* APIService.swift in Sources */ = {isa = PBXBuildFile; fileRef = CD2EF8662B0B70B300B0E6DB /* APIService.swift */; };
		CD2EF8692B0B711500B0E6DB /* APIServiceProtocol.swift in Sources */ = {isa = PBXBuildFile; fileRef = CD2EF8682B0B711500B0E6DB /* APIServiceProtocol.swift */; };
		CD8111192B07B8B3009E8CC7 /* Currency.swift in Sources */ = {isa = PBXBuildFile; fileRef = CD8111182B07B8B3009E8CC7 /* Currency.swift */; };
		CDBE8BA62B039EE700DA46E8 /* AppDelegate.swift in Sources */ = {isa = PBXBuildFile; fileRef = CDBE8BA52B039EE700DA46E8 /* AppDelegate.swift */; };
		CDBE8BA82B039EE700DA46E8 /* SceneDelegate.swift in Sources */ = {isa = PBXBuildFile; fileRef = CDBE8BA72B039EE700DA46E8 /* SceneDelegate.swift */; };
		CDBE8BAF2B039EE900DA46E8 /* Assets.xcassets in Resources */ = {isa = PBXBuildFile; fileRef = CDBE8BAE2B039EE900DA46E8 /* Assets.xcassets */; };
		CDBE8BB22B039EE900DA46E8 /* LaunchScreen.storyboard in Resources */ = {isa = PBXBuildFile; fileRef = CDBE8BB02B039EE900DA46E8 /* LaunchScreen.storyboard */; };
		CDBE8BBD2B03B5C000DA46E8 /* VacancyListCellModel.swift in Sources */ = {isa = PBXBuildFile; fileRef = CDBE8BBC2B03B5C000DA46E8 /* VacancyListCellModel.swift */; };
		CDBE8BBF2B03BB5700DA46E8 /* SalaryModel.swift in Sources */ = {isa = PBXBuildFile; fileRef = CDBE8BBE2B03BB5700DA46E8 /* SalaryModel.swift */; };
		CDBE8BC32B03F2A100DA46E8 /* VacancyDetailsModel.swift in Sources */ = {isa = PBXBuildFile; fileRef = CDBE8BC22B03F2A100DA46E8 /* VacancyDetailsModel.swift */; };
		CDBE8BC52B03F64400DA46E8 /* AddressModel.swift in Sources */ = {isa = PBXBuildFile; fileRef = CDBE8BC42B03F64400DA46E8 /* AddressModel.swift */; };
		CDBE8BC82B05336C00DA46E8 /* VacanciesListViewController.swift in Sources */ = {isa = PBXBuildFile; fileRef = CDBE8BC72B05336C00DA46E8 /* VacanciesListViewController.swift */; };
		CDBE8BCA2B05368C00DA46E8 /* VacanciesListTableViewCell.swift in Sources */ = {isa = PBXBuildFile; fileRef = CDBE8BC92B05368B00DA46E8 /* VacanciesListTableViewCell.swift */; };
/* End PBXBuildFile section */

/* Begin PBXFileReference section */
		CD2EF8662B0B70B300B0E6DB /* APIService.swift */ = {isa = PBXFileReference; lastKnownFileType = sourcecode.swift; path = APIService.swift; sourceTree = "<group>"; };
		CD2EF8682B0B711500B0E6DB /* APIServiceProtocol.swift */ = {isa = PBXFileReference; lastKnownFileType = sourcecode.swift; path = APIServiceProtocol.swift; sourceTree = "<group>"; };
		CD8111182B07B8B3009E8CC7 /* Currency.swift */ = {isa = PBXFileReference; lastKnownFileType = sourcecode.swift; path = Currency.swift; sourceTree = "<group>"; };
		CDBE8BA22B039EE700DA46E8 /* VacanSearch.app */ = {isa = PBXFileReference; explicitFileType = wrapper.application; includeInIndex = 0; path = VacanSearch.app; sourceTree = BUILT_PRODUCTS_DIR; };
		CDBE8BA52B039EE700DA46E8 /* AppDelegate.swift */ = {isa = PBXFileReference; lastKnownFileType = sourcecode.swift; path = AppDelegate.swift; sourceTree = "<group>"; };
		CDBE8BA72B039EE700DA46E8 /* SceneDelegate.swift */ = {isa = PBXFileReference; lastKnownFileType = sourcecode.swift; path = SceneDelegate.swift; sourceTree = "<group>"; };
		CDBE8BAE2B039EE900DA46E8 /* Assets.xcassets */ = {isa = PBXFileReference; lastKnownFileType = folder.assetcatalog; path = Assets.xcassets; sourceTree = "<group>"; };
		CDBE8BB12B039EE900DA46E8 /* Base */ = {isa = PBXFileReference; lastKnownFileType = file.storyboard; name = Base; path = Base.lproj/LaunchScreen.storyboard; sourceTree = "<group>"; };
		CDBE8BB32B039EE900DA46E8 /* Info.plist */ = {isa = PBXFileReference; lastKnownFileType = text.plist.xml; path = Info.plist; sourceTree = "<group>"; };
		CDBE8BBC2B03B5C000DA46E8 /* VacancyListCellModel.swift */ = {isa = PBXFileReference; lastKnownFileType = sourcecode.swift; path = VacancyListCellModel.swift; sourceTree = "<group>"; };
		CDBE8BBE2B03BB5700DA46E8 /* SalaryModel.swift */ = {isa = PBXFileReference; lastKnownFileType = sourcecode.swift; path = SalaryModel.swift; sourceTree = "<group>"; };
		CDBE8BC22B03F2A100DA46E8 /* VacancyDetailsModel.swift */ = {isa = PBXFileReference; lastKnownFileType = sourcecode.swift; path = VacancyDetailsModel.swift; sourceTree = "<group>"; };
		CDBE8BC42B03F64400DA46E8 /* AddressModel.swift */ = {isa = PBXFileReference; lastKnownFileType = sourcecode.swift; path = AddressModel.swift; sourceTree = "<group>"; };
		CDBE8BC72B05336C00DA46E8 /* VacanciesListViewController.swift */ = {isa = PBXFileReference; lastKnownFileType = sourcecode.swift; path = VacanciesListViewController.swift; sourceTree = "<group>"; };
		CDBE8BC92B05368B00DA46E8 /* VacanciesListTableViewCell.swift */ = {isa = PBXFileReference; lastKnownFileType = sourcecode.swift; path = VacanciesListTableViewCell.swift; sourceTree = "<group>"; };
/* End PBXFileReference section */

/* Begin PBXFrameworksBuildPhase section */
		CDBE8B9F2B039EE700DA46E8 /* Frameworks */ = {
			isa = PBXFrameworksBuildPhase;
			buildActionMask = 2147483647;
			files = (
			);
			runOnlyForDeploymentPostprocessing = 0;
		};
/* End PBXFrameworksBuildPhase section */

/* Begin PBXGroup section */
		CD2EF8652B0B705D00B0E6DB /* Services */ = {
			isa = PBXGroup;
			children = (
				CD2EF8662B0B70B300B0E6DB /* APIService.swift */,
				CD2EF8682B0B711500B0E6DB /* APIServiceProtocol.swift */,
			);
			path = Services;
			sourceTree = "<group>";
		};
		CDBE8B992B039EE700DA46E8 = {
			isa = PBXGroup;
			children = (
				CDBE8BA42B039EE700DA46E8 /* VacanSearch */,
				CDBE8BA32B039EE700DA46E8 /* Products */,
			);
			sourceTree = "<group>";
		};
		CDBE8BA32B039EE700DA46E8 /* Products */ = {
			isa = PBXGroup;
			children = (
				CDBE8BA22B039EE700DA46E8 /* VacanSearch.app */,
			);
			name = Products;
			sourceTree = "<group>";
		};
		CDBE8BA42B039EE700DA46E8 /* VacanSearch */ = {
			isa = PBXGroup;
			children = (
				CDBE8BBB2B03B57700DA46E8 /* Models */,
				CD2EF8652B0B705D00B0E6DB /* Services */,
				CDBE8BA52B039EE700DA46E8 /* AppDelegate.swift */,
				CDBE8BA72B039EE700DA46E8 /* SceneDelegate.swift */,
				CDBE8BAE2B039EE900DA46E8 /* Assets.xcassets */,
				CDBE8BB02B039EE900DA46E8 /* LaunchScreen.storyboard */,
				CDBE8BB32B039EE900DA46E8 /* Info.plist */,
				CDBE8BC72B05336C00DA46E8 /* VacanciesListViewController.swift */,
				CDBE8BC92B05368B00DA46E8 /* VacanciesListTableViewCell.swift */,
			);
			path = VacanSearch;
			sourceTree = "<group>";
		};
		CDBE8BBB2B03B57700DA46E8 /* Models */ = {
			isa = PBXGroup;
			children = (
				CDBE8BBC2B03B5C000DA46E8 /* VacancyListCellModel.swift */,
				CDBE8BBE2B03BB5700DA46E8 /* SalaryModel.swift */,
				CDBE8BC22B03F2A100DA46E8 /* VacancyDetailsModel.swift */,
				CDBE8BC42B03F64400DA46E8 /* AddressModel.swift */,
				CD8111182B07B8B3009E8CC7 /* Currency.swift */,
			);
			path = Models;
			sourceTree = "<group>";
		};
/* End PBXGroup section */

/* Begin PBXNativeTarget section */
		CDBE8BA12B039EE700DA46E8 /* VacanSearch */ = {
			isa = PBXNativeTarget;
			buildConfigurationList = CDBE8BB62B039EE900DA46E8 /* Build configuration list for PBXNativeTarget "VacanSearch" */;
			buildPhases = (
				CDBE8B9E2B039EE700DA46E8 /* Sources */,
				CDBE8B9F2B039EE700DA46E8 /* Frameworks */,
				CDBE8BA02B039EE700DA46E8 /* Resources */,
			);
			buildRules = (
			);
			dependencies = (
			);
			name = VacanSearch;
			productName = VacanSearch;
			productReference = CDBE8BA22B039EE700DA46E8 /* VacanSearch.app */;
			productType = "com.apple.product-type.application";
		};
/* End PBXNativeTarget section */

/* Begin PBXProject section */
		CDBE8B9A2B039EE700DA46E8 /* Project object */ = {
			isa = PBXProject;
			attributes = {
				BuildIndependentTargetsInParallel = 1;
				LastSwiftUpdateCheck = 1500;
				LastUpgradeCheck = 1500;
				TargetAttributes = {
					CDBE8BA12B039EE700DA46E8 = {
						CreatedOnToolsVersion = 15.0;
					};
				};
			};
			buildConfigurationList = CDBE8B9D2B039EE700DA46E8 /* Build configuration list for PBXProject "VacanSearch" */;
			compatibilityVersion = "Xcode 14.0";
			developmentRegion = en;
			hasScannedForEncodings = 0;
			knownRegions = (
				en,
				Base,
			);
			mainGroup = CDBE8B992B039EE700DA46E8;
			productRefGroup = CDBE8BA32B039EE700DA46E8 /* Products */;
			projectDirPath = "";
			projectRoot = "";
			targets = (
				CDBE8BA12B039EE700DA46E8 /* VacanSearch */,
			);
		};
/* End PBXProject section */

/* Begin PBXResourcesBuildPhase section */
		CDBE8BA02B039EE700DA46E8 /* Resources */ = {
			isa = PBXResourcesBuildPhase;
			buildActionMask = 2147483647;
			files = (
				CDBE8BB22B039EE900DA46E8 /* LaunchScreen.storyboard in Resources */,
				CDBE8BAF2B039EE900DA46E8 /* Assets.xcassets in Resources */,
			);
			runOnlyForDeploymentPostprocessing = 0;
		};
/* End PBXResourcesBuildPhase section */

/* Begin PBXSourcesBuildPhase section */
		CDBE8B9E2B039EE700DA46E8 /* Sources */ = {
			isa = PBXSourcesBuildPhase;
			buildActionMask = 2147483647;
			files = (
				CD8111192B07B8B3009E8CC7 /* Currency.swift in Sources */,
				CDBE8BC32B03F2A100DA46E8 /* VacancyDetailsModel.swift in Sources */,
				CDBE8BBD2B03B5C000DA46E8 /* VacancyListCellModel.swift in Sources */,
				CDBE8BBF2B03BB5700DA46E8 /* SalaryModel.swift in Sources */,
				CDBE8BC82B05336C00DA46E8 /* VacanciesListViewController.swift in Sources */,
				CDBE8BA62B039EE700DA46E8 /* AppDelegate.swift in Sources */,
				CD2EF8672B0B70B300B0E6DB /* APIService.swift in Sources */,
				CD2EF8692B0B711500B0E6DB /* APIServiceProtocol.swift in Sources */,
				CDBE8BC52B03F64400DA46E8 /* AddressModel.swift in Sources */,
				CDBE8BA82B039EE700DA46E8 /* SceneDelegate.swift in Sources */,
				CDBE8BCA2B05368C00DA46E8 /* VacanciesListTableViewCell.swift in Sources */,
			);
			runOnlyForDeploymentPostprocessing = 0;
		};
/* End PBXSourcesBuildPhase section */

/* Begin PBXVariantGroup section */
		CDBE8BB02B039EE900DA46E8 /* LaunchScreen.storyboard */ = {
			isa = PBXVariantGroup;
			children = (
				CDBE8BB12B039EE900DA46E8 /* Base */,
			);
			name = LaunchScreen.storyboard;
			sourceTree = "<group>";
		};
/* End PBXVariantGroup section */

/* Begin XCBuildConfiguration section */
		CDBE8BB42B039EE900DA46E8 /* Debug */ = {
			isa = XCBuildConfiguration;
			buildSettings = {
				ALWAYS_SEARCH_USER_PATHS = NO;
				ASSETCATALOG_COMPILER_GENERATE_SWIFT_ASSET_SYMBOL_EXTENSIONS = YES;
				CLANG_ANALYZER_NONNULL = YES;
				CLANG_ANALYZER_NUMBER_OBJECT_CONVERSION = YES_AGGRESSIVE;
				CLANG_CXX_LANGUAGE_STANDARD = "gnu++20";
				CLANG_ENABLE_MODULES = YES;
				CLANG_ENABLE_OBJC_ARC = YES;
				CLANG_ENABLE_OBJC_WEAK = YES;
				CLANG_WARN_BLOCK_CAPTURE_AUTORELEASING = YES;
				CLANG_WARN_BOOL_CONVERSION = YES;
				CLANG_WARN_COMMA = YES;
				CLANG_WARN_CONSTANT_CONVERSION = YES;
				CLANG_WARN_DEPRECATED_OBJC_IMPLEMENTATIONS = YES;
				CLANG_WARN_DIRECT_OBJC_ISA_USAGE = YES_ERROR;
				CLANG_WARN_DOCUMENTATION_COMMENTS = YES;
				CLANG_WARN_EMPTY_BODY = YES;
				CLANG_WARN_ENUM_CONVERSION = YES;
				CLANG_WARN_INFINITE_RECURSION = YES;
				CLANG_WARN_INT_CONVERSION = YES;
				CLANG_WARN_NON_LITERAL_NULL_CONVERSION = YES;
				CLANG_WARN_OBJC_IMPLICIT_RETAIN_SELF = YES;
				CLANG_WARN_OBJC_LITERAL_CONVERSION = YES;
				CLANG_WARN_OBJC_ROOT_CLASS = YES_ERROR;
				CLANG_WARN_QUOTED_INCLUDE_IN_FRAMEWORK_HEADER = YES;
				CLANG_WARN_RANGE_LOOP_ANALYSIS = YES;
				CLANG_WARN_STRICT_PROTOTYPES = YES;
				CLANG_WARN_SUSPICIOUS_MOVE = YES;
				CLANG_WARN_UNGUARDED_AVAILABILITY = YES_AGGRESSIVE;
				CLANG_WARN_UNREACHABLE_CODE = YES;
				CLANG_WARN__DUPLICATE_METHOD_MATCH = YES;
				COPY_PHASE_STRIP = NO;
				DEBUG_INFORMATION_FORMAT = dwarf;
				ENABLE_STRICT_OBJC_MSGSEND = YES;
				ENABLE_TESTABILITY = YES;
				ENABLE_USER_SCRIPT_SANDBOXING = YES;
				GCC_C_LANGUAGE_STANDARD = gnu17;
				GCC_DYNAMIC_NO_PIC = NO;
				GCC_NO_COMMON_BLOCKS = YES;
				GCC_OPTIMIZATION_LEVEL = 0;
				GCC_PREPROCESSOR_DEFINITIONS = (
					"DEBUG=1",
					"$(inherited)",
				);
				GCC_WARN_64_TO_32_BIT_CONVERSION = YES;
				GCC_WARN_ABOUT_RETURN_TYPE = YES_ERROR;
				GCC_WARN_UNDECLARED_SELECTOR = YES;
				GCC_WARN_UNINITIALIZED_AUTOS = YES_AGGRESSIVE;
				GCC_WARN_UNUSED_FUNCTION = YES;
				GCC_WARN_UNUSED_VARIABLE = YES;
				IPHONEOS_DEPLOYMENT_TARGET = 17.0;
				LOCALIZATION_PREFERS_STRING_CATALOGS = YES;
				MTL_ENABLE_DEBUG_INFO = INCLUDE_SOURCE;
				MTL_FAST_MATH = YES;
				ONLY_ACTIVE_ARCH = YES;
				SDKROOT = iphoneos;
				SWIFT_ACTIVE_COMPILATION_CONDITIONS = "DEBUG $(inherited)";
				SWIFT_OPTIMIZATION_LEVEL = "-Onone";
			};
			name = Debug;
		};
		CDBE8BB52B039EE900DA46E8 /* Release */ = {
			isa = XCBuildConfiguration;
			buildSettings = {
				ALWAYS_SEARCH_USER_PATHS = NO;
				ASSETCATALOG_COMPILER_GENERATE_SWIFT_ASSET_SYMBOL_EXTENSIONS = YES;
				CLANG_ANALYZER_NONNULL = YES;
				CLANG_ANALYZER_NUMBER_OBJECT_CONVERSION = YES_AGGRESSIVE;
				CLANG_CXX_LANGUAGE_STANDARD = "gnu++20";
				CLANG_ENABLE_MODULES = YES;
				CLANG_ENABLE_OBJC_ARC = YES;
				CLANG_ENABLE_OBJC_WEAK = YES;
				CLANG_WARN_BLOCK_CAPTURE_AUTORELEASING = YES;
				CLANG_WARN_BOOL_CONVERSION = YES;
				CLANG_WARN_COMMA = YES;
				CLANG_WARN_CONSTANT_CONVERSION = YES;
				CLANG_WARN_DEPRECATED_OBJC_IMPLEMENTATIONS = YES;
				CLANG_WARN_DIRECT_OBJC_ISA_USAGE = YES_ERROR;
				CLANG_WARN_DOCUMENTATION_COMMENTS = YES;
				CLANG_WARN_EMPTY_BODY = YES;
				CLANG_WARN_ENUM_CONVERSION = YES;
				CLANG_WARN_INFINITE_RECURSION = YES;
				CLANG_WARN_INT_CONVERSION = YES;
				CLANG_WARN_NON_LITERAL_NULL_CONVERSION = YES;
				CLANG_WARN_OBJC_IMPLICIT_RETAIN_SELF = YES;
				CLANG_WARN_OBJC_LITERAL_CONVERSION = YES;
				CLANG_WARN_OBJC_ROOT_CLASS = YES_ERROR;
				CLANG_WARN_QUOTED_INCLUDE_IN_FRAMEWORK_HEADER = YES;
				CLANG_WARN_RANGE_LOOP_ANALYSIS = YES;
				CLANG_WARN_STRICT_PROTOTYPES = YES;
				CLANG_WARN_SUSPICIOUS_MOVE = YES;
				CLANG_WARN_UNGUARDED_AVAILABILITY = YES_AGGRESSIVE;
				CLANG_WARN_UNREACHABLE_CODE = YES;
				CLANG_WARN__DUPLICATE_METHOD_MATCH = YES;
				COPY_PHASE_STRIP = NO;
				DEBUG_INFORMATION_FORMAT = "dwarf-with-dsym";
				ENABLE_NS_ASSERTIONS = NO;
				ENABLE_STRICT_OBJC_MSGSEND = YES;
				ENABLE_USER_SCRIPT_SANDBOXING = YES;
				GCC_C_LANGUAGE_STANDARD = gnu17;
				GCC_NO_COMMON_BLOCKS = YES;
				GCC_WARN_64_TO_32_BIT_CONVERSION = YES;
				GCC_WARN_ABOUT_RETURN_TYPE = YES_ERROR;
				GCC_WARN_UNDECLARED_SELECTOR = YES;
				GCC_WARN_UNINITIALIZED_AUTOS = YES_AGGRESSIVE;
				GCC_WARN_UNUSED_FUNCTION = YES;
				GCC_WARN_UNUSED_VARIABLE = YES;
				IPHONEOS_DEPLOYMENT_TARGET = 17.0;
				LOCALIZATION_PREFERS_STRING_CATALOGS = YES;
				MTL_ENABLE_DEBUG_INFO = NO;
				MTL_FAST_MATH = YES;
				SDKROOT = iphoneos;
				SWIFT_COMPILATION_MODE = wholemodule;
				VALIDATE_PRODUCT = YES;
			};
			name = Release;
		};
		CDBE8BB72B039EE900DA46E8 /* Debug */ = {
			isa = XCBuildConfiguration;
			buildSettings = {
				ASSETCATALOG_COMPILER_APPICON_NAME = AppIcon;
				ASSETCATALOG_COMPILER_GLOBAL_ACCENT_COLOR_NAME = AccentColor;
				CODE_SIGN_STYLE = Automatic;
				CURRENT_PROJECT_VERSION = 1;
				DEVELOPMENT_TEAM = 5L2PK7Z938;
				GENERATE_INFOPLIST_FILE = YES;
				INFOPLIST_FILE = VacanSearch/Info.plist;
				INFOPLIST_KEY_UIApplicationSupportsIndirectInputEvents = YES;
				INFOPLIST_KEY_UILaunchStoryboardName = LaunchScreen;
				INFOPLIST_KEY_UISupportedInterfaceOrientations_iPad = "UIInterfaceOrientationPortrait UIInterfaceOrientationPortraitUpsideDown UIInterfaceOrientationLandscapeLeft UIInterfaceOrientationLandscapeRight";
				INFOPLIST_KEY_UISupportedInterfaceOrientations_iPhone = "UIInterfaceOrientationPortrait UIInterfaceOrientationLandscapeLeft UIInterfaceOrientationLandscapeRight";
				LD_RUNPATH_SEARCH_PATHS = (
					"$(inherited)",
					"@executable_path/Frameworks",
				);
				MARKETING_VERSION = 1.0;
				PRODUCT_BUNDLE_IDENTIFIER = com.panda.VacanSearch;
				PRODUCT_NAME = "$(TARGET_NAME)";
				SWIFT_EMIT_LOC_STRINGS = YES;
				SWIFT_VERSION = 5.0;
				TARGETED_DEVICE_FAMILY = "1,2";
			};
			name = Debug;
		};
		CDBE8BB82B039EE900DA46E8 /* Release */ = {
			isa = XCBuildConfiguration;
			buildSettings = {
				ASSETCATALOG_COMPILER_APPICON_NAME = AppIcon;
				ASSETCATALOG_COMPILER_GLOBAL_ACCENT_COLOR_NAME = AccentColor;
				CODE_SIGN_STYLE = Automatic;
				CURRENT_PROJECT_VERSION = 1;
				DEVELOPMENT_TEAM = 5L2PK7Z938;
				GENERATE_INFOPLIST_FILE = YES;
				INFOPLIST_FILE = VacanSearch/Info.plist;
				INFOPLIST_KEY_UIApplicationSupportsIndirectInputEvents = YES;
				INFOPLIST_KEY_UILaunchStoryboardName = LaunchScreen;
				INFOPLIST_KEY_UISupportedInterfaceOrientations_iPad = "UIInterfaceOrientationPortrait UIInterfaceOrientationPortraitUpsideDown UIInterfaceOrientationLandscapeLeft UIInterfaceOrientationLandscapeRight";
				INFOPLIST_KEY_UISupportedInterfaceOrientations_iPhone = "UIInterfaceOrientationPortrait UIInterfaceOrientationLandscapeLeft UIInterfaceOrientationLandscapeRight";
				LD_RUNPATH_SEARCH_PATHS = (
					"$(inherited)",
					"@executable_path/Frameworks",
				);
				MARKETING_VERSION = 1.0;
				PRODUCT_BUNDLE_IDENTIFIER = com.panda.VacanSearch;
				PRODUCT_NAME = "$(TARGET_NAME)";
				SWIFT_EMIT_LOC_STRINGS = YES;
				SWIFT_VERSION = 5.0;
				TARGETED_DEVICE_FAMILY = "1,2";
			};
			name = Release;
		};
/* End XCBuildConfiguration section */

/* Begin XCConfigurationList section */
		CDBE8B9D2B039EE700DA46E8 /* Build configuration list for PBXProject "VacanSearch" */ = {
			isa = XCConfigurationList;
			buildConfigurations = (
				CDBE8BB42B039EE900DA46E8 /* Debug */,
				CDBE8BB52B039EE900DA46E8 /* Release */,
			);
			defaultConfigurationIsVisible = 0;
			defaultConfigurationName = Release;
		};
		CDBE8BB62B039EE900DA46E8 /* Build configuration list for PBXNativeTarget "VacanSearch" */ = {
			isa = XCConfigurationList;
			buildConfigurations = (
				CDBE8BB72B039EE900DA46E8 /* Debug */,
				CDBE8BB82B039EE900DA46E8 /* Release */,
			);
			defaultConfigurationIsVisible = 0;
			defaultConfigurationName = Release;
		};
/* End XCConfigurationList section */
	};
	rootObject = CDBE8B9A2B039EE700DA46E8 /* Project object */;
}
